
Microsoft Visual Studio Solution File, Format Version 12.00
# Visual Studio Version 16
VisualStudioVersion = 16.0.28803.202
MinimumVisualStudioVersion = 10.0.40219.1
Project("{FAE04EC0-301F-11D3-BF4B-00C04F79EFBC}") = "WebAPI", "WebAPI\WebAPI.csproj", "{AFAC9BE3-B2A6-49F9-BFED-4BC6E7782F99}"
EndProject
Global
	GlobalSection(SolutionConfigurationPlatforms) = preSolution
		Debug|Any CPU = Debug|Any CPU
		Release|Any CPU = Release|Any CPU
	EndGlobalSection
	GlobalSection(ProjectConfigurationPlatforms) = postSolution
		{AFAC9BE3-B2A6-49F9-BFED-4BC6E7782F99}.Debug|Any CPU.ActiveCfg = Debug|Any CPU
		{AFAC9BE3-B2A6-49F9-BFED-4BC6E7782F99}.Debug|Any CPU.Build.0 = Debug|Any CPU
		{AFAC9BE3-B2A6-49F9-BFED-4BC6E7782F99}.Release|Any CPU.ActiveCfg = Release|Any CPU
		{AFAC9BE3-B2A6-49F9-BFED-4BC6E7782F99}.Release|Any CPU.Build.0 = Release|Any CPU
	EndGlobalSection
	GlobalSection(SolutionProperties) = preSolution
		HideSolutionNode = FALSE
	EndGlobalSection
	GlobalSection(ExtensibilityGlobals) = postSolution
		SolutionGuid = {989CEBAC-7E76-4AEB-A90D-345063AED71B}
	EndGlobalSection
EndGlobal
